PODS:
  - TrustWeb3Provider (0.3.3)

DEPENDENCIES:
  - TrustWeb3Provider (from `../`)

EXTERNAL SOURCES:
  TrustWeb3Provider:
    :path: "../"

SPEC CHECKSUMS:
  TrustWeb3Provider: 24e6a91dbb8d761b160e7ed8cdbce4547740ba47

PODFILE CHECKSUM: ce3dcc42b683437d2bc329171cf6b89b7d8cf237

COCOAPODS: 1.9.3
