PODS:
  - TrustWeb3Provider (0.1.5)

DEPENDENCIES:
  - TrustWeb3Provider (from `../../`)

EXTERNAL SOURCES:
  TrustWeb3Provider:
    :path: ../../

SPEC CHECKSUMS:
  TrustWeb3Provider: eb9d26f3bc7d4c512a290402b0c0da809e2a9fc7

PODFILE CHECKSUM: 25f20780210f56bd40b35ead00e791784344abda

COCOAPODS: 1.4.0
