PODS:
  - TrustWeb3Provider (0.1.6)

DEPENDENCIES:
  - TrustWeb3Provider (from `../../`)

EXTERNAL SOURCES:
  TrustWeb3Provider:
    :path: ../../

SPEC CHECKSUMS:
  TrustWeb3Provider: 472f2499073becbf6bea1bfdbfaa612890b9a480

PODFILE CHECKSUM: 119702f0d87cc9f742d3f190c83a5ed90538c3a9

COCOAPODS: 1.4.0
