PODS:
  - SwiftProtobuf (1.7.0)
  - TrustWalletCore (0.12.28):
    - TrustWalletCore/Core (= 0.12.28)
  - TrustWalletCore/Core (0.12.28):
    - TrustWalletCore/Types
  - TrustWalletCore/Types (0.12.28):
    - SwiftProtobuf
  - TrustWeb3Provider (0.4.0)

DEPENDENCIES:
  - TrustWalletCore
  - TrustWeb3Provider (from `../../`)

SPEC REPOS:
  trunk:
    - SwiftProtobuf
    - TrustWalletCore

EXTERNAL SOURCES:
  TrustWeb3Provider:
    :path: "../../"

SPEC CHECKSUMS:
  SwiftProtobuf: 4fd9645e69b72cbae6ec8da5be0cdd20ca6565dd
  TrustWalletCore: b7629820c443a4ae8c436bc8bc2196224610ac9e
  TrustWeb3Provider: 01ed27939c8ac114936c70098e4260d2a3822f96

PODFILE CHECKSUM: 770afd43a112526b7b1c314c50d75c19e144aefa

COCOAPODS: 1.8.4
